
Microsoft Visual Studio Solution File, Format Version 12.00
# Visual Studio Version 16
VisualStudioVersion = 16.0.30204.135
MinimumVisualStudioVersion = 10.0.40219.1
Project("{FAE04EC0-301F-11D3-BF4B-00C04F79EFBC}") = "BlazorServerDemoApp", "BlazorServerDemoApp\BlazorServerDemoApp.csproj", "{A9EB0F47-21DC-496D-92D1-C847F1DF37A0}"
EndProject
Global
	GlobalSection(SolutionConfigurationPlatforms) = preSolution
		Debug|Any CPU = Debug|Any CPU
		Release|Any CPU = Release|Any CPU
	EndGlobalSection
	GlobalSection(ProjectConfigurationPlatforms) = postSolution
		{A9EB0F47-21DC-496D-92D1-C847F1DF37A0}.Debug|Any CPU.ActiveCfg = Debug|Any CPU
		{A9EB0F47-21DC-496D-92D1-C847F1DF37A0}.Debug|Any CPU.Build.0 = Debug|Any CPU
		{A9EB0F47-21DC-496D-92D1-C847F1DF37A0}.Release|Any CPU.ActiveCfg = Release|Any CPU
		{A9EB0F47-21DC-496D-92D1-C847F1DF37A0}.Release|Any CPU.Build.0 = Release|Any CPU
	EndGlobalSection
	GlobalSection(SolutionProperties) = preSolution
		HideSolutionNode = FALSE
	EndGlobalSection
	GlobalSection(ExtensibilityGlobals) = postSolution
		SolutionGuid = {F03EEF79-3BB0-4D8E-AF83-FDC29E822687}
	EndGlobalSection
EndGlobal
